
Microsoft Visual Studio Solution File, Format Version 12.00
# Visual Studio Version 16
VisualStudioVersion = 16.0.29613.14
MinimumVisualStudioVersion = 10.0.40219.1
Project("{FAE04EC0-301F-11D3-BF4B-00C04F79EFBC}") = "SCLang", "SCLang.csproj", "{0CBD92E1-164B-4E1A-AA5D-98E9B322F545}"
EndProject
Global
	GlobalSection(SolutionConfigurationPlatforms) = preSolution
		Debug|Any CPU = Debug|Any CPU
		Release|Any CPU = Release|Any CPU
	EndGlobalSection
	GlobalSection(ProjectConfigurationPlatforms) = postSolution
		{0CBD92E1-164B-4E1A-AA5D-98E9B322F545}.Debug|Any CPU.ActiveCfg = Debug|Any CPU
		{0CBD92E1-164B-4E1A-AA5D-98E9B322F545}.Debug|Any CPU.Build.0 = Debug|Any CPU
		{0CBD92E1-164B-4E1A-AA5D-98E9B322F545}.Release|Any CPU.ActiveCfg = Release|Any CPU
		{0CBD92E1-164B-4E1A-AA5D-98E9B322F545}.Release|Any CPU.Build.0 = Release|Any CPU
	EndGlobalSection
	GlobalSection(SolutionProperties) = preSolution
		HideSolutionNode = FALSE
	EndGlobalSection
	GlobalSection(ExtensibilityGlobals) = postSolution
		SolutionGuid = {B2414DCD-4ACE-479F-98AC-7C6B82D33B9E}
	EndGlobalSection
EndGlobal
